
Microsoft Visual Studio Solution File, Format Version 12.00
# Visual Studio 14
VisualStudioVersion = 14.0.25123.0
MinimumVisualStudioVersion = 10.0.40219.1
Project("{2150E333-8FDC-42A3-9474-1A3956D46DE8}") = "CrossCuttingLayers", "CrossCuttingLayers", "{D98C8714-ED28-4CE1-9A76-721EF438C75F}"
EndProject
Project("{FAE04EC0-301F-11D3-BF4B-00C04F79EFBC}") = "NexusCore.Infrastructure", "NexusCore.Infrastructure\NexusCore.Infrastructure.csproj", "{2DBA50C7-AAF6-4536-AA5B-E9CEF0AEAB2E}"
EndProject
Project("{2150E333-8FDC-42A3-9474-1A3956D46DE8}") = "TravelCentreClapham", "TravelCentreClapham", "{9ECAC6A3-9917-4DBE-B21B-DE8594812A65}"
EndProject
Project("{2150E333-8FDC-42A3-9474-1A3956D46DE8}") = "CarHire", "CarHire", "{E9BA2716-7D06-4649-A6DE-DA79362D14E6}"
EndProject
Project("{FAE04EC0-301F-11D3-BF4B-00C04F79EFBC}") = "TravelCentreClapham.CarHrie.Dal", "TravelCentreClapham\TravelCentreClapham.CarHrie.Dal\TravelCentreClapham.CarHrie.Dal.csproj", "{6A35BC8A-2691-4F66-B4B8-1FB91FD40BEA}"
EndProject
Project("{FAE04EC0-301F-11D3-BF4B-00C04F79EFBC}") = "TravelCentreClapham.CarHire.Common", "TravelCentreClapham\TravelCentreClapham.CarHire.Common\TravelCentreClapham.CarHire.Common.csproj", "{58D779D1-DC88-4BC0-8731-DCE0F8A06AFC}"
EndProject
Project("{FAE04EC0-301F-11D3-BF4B-00C04F79EFBC}") = "TravelCentreClapham.CarHire.Main", "TravelCentreClapham\TravelCentreClapham.CarHire.Main\TravelCentreClapham.CarHire.Main.csproj", "{C4F7855F-5BA3-4FA0-8B38-A38E8BC2AB4E}"
EndProject
Project("{FAE04EC0-301F-11D3-BF4B-00C04F79EFBC}") = "TravelCentreClapham.CarHire.Web", "TravelCentreClapham\TravelCentreClapham.CarHire.Web\TravelCentreClapham.CarHire.Web.csproj", "{01BE932D-A61B-470E-9903-F02A730E7660}"
EndProject
Project("{FAE04EC0-301F-11D3-BF4B-00C04F79EFBC}") = "TravelCentreClapham.CarHire.Admin", "TravelCentreClapham\TravelCentreClapham.CarHire.Admin\TravelCentreClapham.CarHire.Admin.csproj", "{D94A25BA-542C-4B23-8EFF-2ABEA6C85DAE}"
EndProject
Project("{2150E333-8FDC-42A3-9474-1A3956D46DE8}") = "FlyAfricaDirect", "FlyAfricaDirect", "{8C1EC952-6D24-406E-8B9F-A83BA3501955}"
EndProject
Project("{FAE04EC0-301F-11D3-BF4B-00C04F79EFBC}") = "TravelCentreClapham.FlyAfricaDirect.Dal", "TravelCentreClapham\TravelCentreClapham.FlyAfricaDirect.Dal\TravelCentreClapham.FlyAfricaDirect.Dal.csproj", "{3048FAB3-237E-418B-BA3D-FC3E7AEED418}"
EndProject
Project("{FAE04EC0-301F-11D3-BF4B-00C04F79EFBC}") = "TravelCentreClapham.FlyAfricaDirect.Common", "TravelCentreClapham\TravelCentreClapham.FlyAfricaDirect.Common\TravelCentreClapham.FlyAfricaDirect.Common.csproj", "{4C491771-0F0D-4B35-A141-12964B7F6090}"
EndProject
Project("{FAE04EC0-301F-11D3-BF4B-00C04F79EFBC}") = "TravelCentreClapham.FlyAfricaDirect.Main", "TravelCentreClapham\TravelCentreClapham.FlyAfricaDirect.Main\TravelCentreClapham.FlyAfricaDirect.Main.csproj", "{F73AD4AF-B0AF-4FA5-A64A-4FC3556266F8}"
EndProject
Project("{FAE04EC0-301F-11D3-BF4B-00C04F79EFBC}") = "TravelCentreClapham.FlyAfricaDirect.WebApi", "TravelCentreClapham\TravelCentreClapham.FlyAfricaDirect.WebApi\TravelCentreClapham.FlyAfricaDirect.WebApi.csproj", "{2F671480-81DE-461D-B505-FB80221A123B}"
EndProject
Global
	GlobalSection(SolutionConfigurationPlatforms) = preSolution
		Debug|Any CPU = Debug|Any CPU
		Release|Any CPU = Release|Any CPU
	EndGlobalSection
	GlobalSection(ProjectConfigurationPlatforms) = postSolution
		{2DBA50C7-AAF6-4536-AA5B-E9CEF0AEAB2E}.Debug|Any CPU.ActiveCfg = Debug|Any CPU
		{2DBA50C7-AAF6-4536-AA5B-E9CEF0AEAB2E}.Debug|Any CPU.Build.0 = Debug|Any CPU
		{2DBA50C7-AAF6-4536-AA5B-E9CEF0AEAB2E}.Release|Any CPU.ActiveCfg = Release|Any CPU
		{2DBA50C7-AAF6-4536-AA5B-E9CEF0AEAB2E}.Release|Any CPU.Build.0 = Release|Any CPU
		{6A35BC8A-2691-4F66-B4B8-1FB91FD40BEA}.Debug|Any CPU.ActiveCfg = Debug|Any CPU
		{6A35BC8A-2691-4F66-B4B8-1FB91FD40BEA}.Debug|Any CPU.Build.0 = Debug|Any CPU
		{6A35BC8A-2691-4F66-B4B8-1FB91FD40BEA}.Release|Any CPU.ActiveCfg = Release|Any CPU
		{6A35BC8A-2691-4F66-B4B8-1FB91FD40BEA}.Release|Any CPU.Build.0 = Release|Any CPU
		{58D779D1-DC88-4BC0-8731-DCE0F8A06AFC}.Debug|Any CPU.ActiveCfg = Debug|Any CPU
		{58D779D1-DC88-4BC0-8731-DCE0F8A06AFC}.Debug|Any CPU.Build.0 = Debug|Any CPU
		{58D779D1-DC88-4BC0-8731-DCE0F8A06AFC}.Release|Any CPU.ActiveCfg = Release|Any CPU
		{58D779D1-DC88-4BC0-8731-DCE0F8A06AFC}.Release|Any CPU.Build.0 = Release|Any CPU
		{C4F7855F-5BA3-4FA0-8B38-A38E8BC2AB4E}.Debug|Any CPU.ActiveCfg = Debug|Any CPU
		{C4F7855F-5BA3-4FA0-8B38-A38E8BC2AB4E}.Debug|Any CPU.Build.0 = Debug|Any CPU
		{C4F7855F-5BA3-4FA0-8B38-A38E8BC2AB4E}.Release|Any CPU.ActiveCfg = Release|Any CPU
		{C4F7855F-5BA3-4FA0-8B38-A38E8BC2AB4E}.Release|Any CPU.Build.0 = Release|Any CPU
		{01BE932D-A61B-470E-9903-F02A730E7660}.Debug|Any CPU.ActiveCfg = Debug|Any CPU
		{01BE932D-A61B-470E-9903-F02A730E7660}.Debug|Any CPU.Build.0 = Debug|Any CPU
		{01BE932D-A61B-470E-9903-F02A730E7660}.Release|Any CPU.ActiveCfg = Release|Any CPU
		{01BE932D-A61B-470E-9903-F02A730E7660}.Release|Any CPU.Build.0 = Release|Any CPU
		{D94A25BA-542C-4B23-8EFF-2ABEA6C85DAE}.Debug|Any CPU.ActiveCfg = Debug|Any CPU
		{D94A25BA-542C-4B23-8EFF-2ABEA6C85DAE}.Debug|Any CPU.Build.0 = Debug|Any CPU
		{D94A25BA-542C-4B23-8EFF-2ABEA6C85DAE}.Release|Any CPU.ActiveCfg = Release|Any CPU
		{D94A25BA-542C-4B23-8EFF-2ABEA6C85DAE}.Release|Any CPU.Build.0 = Release|Any CPU
		{3048FAB3-237E-418B-BA3D-FC3E7AEED418}.Debug|Any CPU.ActiveCfg = Debug|Any CPU
		{3048FAB3-237E-418B-BA3D-FC3E7AEED418}.Debug|Any CPU.Build.0 = Debug|Any CPU
		{3048FAB3-237E-418B-BA3D-FC3E7AEED418}.Release|Any CPU.ActiveCfg = Release|Any CPU
		{3048FAB3-237E-418B-BA3D-FC3E7AEED418}.Release|Any CPU.Build.0 = Release|Any CPU
		{4C491771-0F0D-4B35-A141-12964B7F6090}.Debug|Any CPU.ActiveCfg = Debug|Any CPU
		{4C491771-0F0D-4B35-A141-12964B7F6090}.Debug|Any CPU.Build.0 = Debug|Any CPU
		{4C491771-0F0D-4B35-A141-12964B7F6090}.Release|Any CPU.ActiveCfg = Release|Any CPU
		{4C491771-0F0D-4B35-A141-12964B7F6090}.Release|Any CPU.Build.0 = Release|Any CPU
		{F73AD4AF-B0AF-4FA5-A64A-4FC3556266F8}.Debug|Any CPU.ActiveCfg = Debug|Any CPU
		{F73AD4AF-B0AF-4FA5-A64A-4FC3556266F8}.Debug|Any CPU.Build.0 = Debug|Any CPU
		{F73AD4AF-B0AF-4FA5-A64A-4FC3556266F8}.Release|Any CPU.ActiveCfg = Release|Any CPU
		{F73AD4AF-B0AF-4FA5-A64A-4FC3556266F8}.Release|Any CPU.Build.0 = Release|Any CPU
		{2F671480-81DE-461D-B505-FB80221A123B}.Debug|Any CPU.ActiveCfg = Debug|Any CPU
		{2F671480-81DE-461D-B505-FB80221A123B}.Debug|Any CPU.Build.0 = Debug|Any CPU
		{2F671480-81DE-461D-B505-FB80221A123B}.Release|Any CPU.ActiveCfg = Release|Any CPU
		{2F671480-81DE-461D-B505-FB80221A123B}.Release|Any CPU.Build.0 = Release|Any CPU
	EndGlobalSection
	GlobalSection(SolutionProperties) = preSolution
		HideSolutionNode = FALSE
	EndGlobalSection
	GlobalSection(NestedProjects) = preSolution
		{2DBA50C7-AAF6-4536-AA5B-E9CEF0AEAB2E} = {D98C8714-ED28-4CE1-9A76-721EF438C75F}
		{E9BA2716-7D06-4649-A6DE-DA79362D14E6} = {9ECAC6A3-9917-4DBE-B21B-DE8594812A65}
		{6A35BC8A-2691-4F66-B4B8-1FB91FD40BEA} = {E9BA2716-7D06-4649-A6DE-DA79362D14E6}
		{58D779D1-DC88-4BC0-8731-DCE0F8A06AFC} = {E9BA2716-7D06-4649-A6DE-DA79362D14E6}
		{C4F7855F-5BA3-4FA0-8B38-A38E8BC2AB4E} = {E9BA2716-7D06-4649-A6DE-DA79362D14E6}
		{01BE932D-A61B-470E-9903-F02A730E7660} = {E9BA2716-7D06-4649-A6DE-DA79362D14E6}
		{D94A25BA-542C-4B23-8EFF-2ABEA6C85DAE} = {E9BA2716-7D06-4649-A6DE-DA79362D14E6}
		{8C1EC952-6D24-406E-8B9F-A83BA3501955} = {9ECAC6A3-9917-4DBE-B21B-DE8594812A65}
		{3048FAB3-237E-418B-BA3D-FC3E7AEED418} = {8C1EC952-6D24-406E-8B9F-A83BA3501955}
		{4C491771-0F0D-4B35-A141-12964B7F6090} = {8C1EC952-6D24-406E-8B9F-A83BA3501955}
		{F73AD4AF-B0AF-4FA5-A64A-4FC3556266F8} = {8C1EC952-6D24-406E-8B9F-A83BA3501955}
		{2F671480-81DE-461D-B505-FB80221A123B} = {8C1EC952-6D24-406E-8B9F-A83BA3501955}
	EndGlobalSection
EndGlobal
